Microsoft Visual Studio Solution File, Format Version 12.00
# Visual Studio Version 17
VisualStudioVersion = 17.9.34622.214
MinimumVisualStudioVersion = 10.0.40219.1
Project("{8BC9CEB8-8B4A-11D0-8D11-00A0C91BC942}") = "ShoothemUp", "ShoothemUp\ShoothemUp.vcxproj", "{70A2795C-7ADA-26D1-4747-17C473DF0D45}"
EndProject
Global
	GlobalSection(SolutionConfigurationPlatforms) = preSolution
		Debug|x64 = Debug|x64
		Debug|x86 = Debug|x86
		Release|x64 = Release|x64
		Release|x86 = Release|x86
	EndGlobalSection
	GlobalSection(ProjectConfigurationPlatforms) = postSolution
		{70A2795C-7ADA-26D1-4747-17C473DF0D45}.Debug|x64.ActiveCfg = Debug|x64
		{70A2795C-7ADA-26D1-4747-17C473DF0D45}.Debug|x64.Build.0 = Debug|x64
		{70A2795C-7ADA-26D1-4747-17C473DF0D45}.Debug|x86.ActiveCfg = Debug|Win32
		{70A2795C-7ADA-26D1-4747-17C473DF0D45}.Debug|x86.Build.0 = Debug|Win32
		{70A2795C-7ADA-26D1-4747-17C473DF0D45}.Release|x64.ActiveCfg = Release|x64
		{70A2795C-7ADA-26D1-4747-17C473DF0D45}.Release|x64.Build.0 = Release|x64
		{70A2795C-7ADA-26D1-4747-17C473DF0D45}.Release|x86.ActiveCfg = Release|Win32
		{70A2795C-7ADA-26D1-4747-17C473DF0D45}.Release|x86.Build.0 = Release|Win32
	EndGlobalSection
	GlobalSection(SolutionProperties) = preSolution
		HideSolutionNode = FALSE
	EndGlobalSection
	GlobalSection(ExtensibilityGlobals) = postSolution
		SolutionGuid = {41191E80-5D56-4920-4493-2EB6500B2D43}
	EndGlobalSection
EndGlobal
